
Microsoft Visual Studio Solution File, Format Version 12.00
# Visual Studio Version 16
VisualStudioVersion = 16.0.30523.141
MinimumVisualStudioVersion = 10.0.40219.1
Project("{FAE04EC0-301F-11D3-BF4B-00C04F79EFBC}") = "Carstica_Adrian_Lab6", "Carstica_Adrian_Lab6\Carstica_Adrian_Lab6.csproj", "{C3DB645A-2150-41DB-B9F5-1C67E7AB0465}"
EndProject
Project("{FAE04EC0-301F-11D3-BF4B-00C04F79EFBC}") = "AutoLotModel", "AutoLotModel\AutoLotModel.csproj", "{27CAC1F9-85A8-48AB-9ABD-A6635E586A7F}"
EndProject
Global
	GlobalSection(SolutionConfigurationPlatforms) = preSolution
		Debug|Any CPU = Debug|Any CPU
		Release|Any CPU = Release|Any CPU
	EndGlobalSection
	GlobalSection(ProjectConfigurationPlatforms) = postSolution
		{C3DB645A-2150-41DB-B9F5-1C67E7AB0465}.Debug|Any CPU.ActiveCfg = Debug|Any CPU
		{C3DB645A-2150-41DB-B9F5-1C67E7AB0465}.Debug|Any CPU.Build.0 = Debug|Any CPU
		{C3DB645A-2150-41DB-B9F5-1C67E7AB0465}.Release|Any CPU.ActiveCfg = Release|Any CPU
		{C3DB645A-2150-41DB-B9F5-1C67E7AB0465}.Release|Any CPU.Build.0 = Release|Any CPU
		{27CAC1F9-85A8-48AB-9ABD-A6635E586A7F}.Debug|Any CPU.ActiveCfg = Debug|Any CPU
		{27CAC1F9-85A8-48AB-9ABD-A6635E586A7F}.Debug|Any CPU.Build.0 = Debug|Any CPU
		{27CAC1F9-85A8-48AB-9ABD-A6635E586A7F}.Release|Any CPU.ActiveCfg = Release|Any CPU
		{27CAC1F9-85A8-48AB-9ABD-A6635E586A7F}.Release|Any CPU.Build.0 = Release|Any CPU
	EndGlobalSection
	GlobalSection(SolutionProperties) = preSolution
		HideSolutionNode = FALSE
	EndGlobalSection
	GlobalSection(ExtensibilityGlobals) = postSolution
		SolutionGuid = {260D5548-68F1-4225-8B18-BDFDDF0BC48A}
	EndGlobalSection
EndGlobal
